
Microsoft Visual Studio Solution File, Format Version 12.00
# Visual Studio Version 16
VisualStudioVersion = 16.0.30907.101
MinimumVisualStudioVersion = 10.0.40219.1
Project("{FAE04EC0-301F-11D3-BF4B-00C04F79EFBC}") = "ObjectMapper", "ObjectMapper\ObjectMapper.csproj", "{544F9866-70CA-412B-A7EF-6F1117D951C6}"
EndProject
Project("{FAE04EC0-301F-11D3-BF4B-00C04F79EFBC}") = "ObjectMapper.Tests", "ObjectMapper.Tests\ObjectMapper.Tests.csproj", "{5C5178D8-84B6-4A88-BF3A-566F5017F04C}"
EndProject
Global
	GlobalSection(SolutionConfigurationPlatforms) = preSolution
		Debug|Any CPU = Debug|Any CPU
		Release|Any CPU = Release|Any CPU
	EndGlobalSection
	GlobalSection(ProjectConfigurationPlatforms) = postSolution
		{544F9866-70CA-412B-A7EF-6F1117D951C6}.Debug|Any CPU.ActiveCfg = Debug|Any CPU
		{544F9866-70CA-412B-A7EF-6F1117D951C6}.Debug|Any CPU.Build.0 = Debug|Any CPU
		{544F9866-70CA-412B-A7EF-6F1117D951C6}.Release|Any CPU.ActiveCfg = Release|Any CPU
		{544F9866-70CA-412B-A7EF-6F1117D951C6}.Release|Any CPU.Build.0 = Release|Any CPU
		{5C5178D8-84B6-4A88-BF3A-566F5017F04C}.Debug|Any CPU.ActiveCfg = Debug|Any CPU
		{5C5178D8-84B6-4A88-BF3A-566F5017F04C}.Debug|Any CPU.Build.0 = Debug|Any CPU
		{5C5178D8-84B6-4A88-BF3A-566F5017F04C}.Release|Any CPU.ActiveCfg = Release|Any CPU
		{5C5178D8-84B6-4A88-BF3A-566F5017F04C}.Release|Any CPU.Build.0 = Release|Any CPU
	EndGlobalSection
	GlobalSection(SolutionProperties) = preSolution
		HideSolutionNode = FALSE
	EndGlobalSection
	GlobalSection(ExtensibilityGlobals) = postSolution
		SolutionGuid = {7433242E-4A49-4C22-9ABF-7563DD514E39}
	EndGlobalSection
EndGlobal
