
Microsoft Visual Studio Solution File, Format Version 12.00
# Visual Studio Version 16
VisualStudioVersion = 16.0.30907.101
MinimumVisualStudioVersion = 10.0.40219.1
Project("{FAE04EC0-301F-11D3-BF4B-00C04F79EFBC}") = "ObjectMapper", "ObjectMapper\ObjectMapper.csproj", "{1B61B2DA-BFA3-41F1-8425-C8053695FA5F}"
EndProject
Project("{FAE04EC0-301F-11D3-BF4B-00C04F79EFBC}") = "ObjectMapper.Tests", "ObjectMapper.Tests\ObjectMapper.Tests.csproj", "{936D99AC-8C10-497F-B75A-6273EE2828F4}"
EndProject
Global
	GlobalSection(SolutionConfigurationPlatforms) = preSolution
		Debug|Any CPU = Debug|Any CPU
		Release|Any CPU = Release|Any CPU
	EndGlobalSection
	GlobalSection(ProjectConfigurationPlatforms) = postSolution
		{1B61B2DA-BFA3-41F1-8425-C8053695FA5F}.Debug|Any CPU.ActiveCfg = Debug|Any CPU
		{1B61B2DA-BFA3-41F1-8425-C8053695FA5F}.Debug|Any CPU.Build.0 = Debug|Any CPU
		{1B61B2DA-BFA3-41F1-8425-C8053695FA5F}.Release|Any CPU.ActiveCfg = Release|Any CPU
		{1B61B2DA-BFA3-41F1-8425-C8053695FA5F}.Release|Any CPU.Build.0 = Release|Any CPU
		{936D99AC-8C10-497F-B75A-6273EE2828F4}.Debug|Any CPU.ActiveCfg = Debug|Any CPU
		{936D99AC-8C10-497F-B75A-6273EE2828F4}.Debug|Any CPU.Build.0 = Debug|Any CPU
		{936D99AC-8C10-497F-B75A-6273EE2828F4}.Release|Any CPU.ActiveCfg = Release|Any CPU
		{936D99AC-8C10-497F-B75A-6273EE2828F4}.Release|Any CPU.Build.0 = Release|Any CPU
	EndGlobalSection
	GlobalSection(SolutionProperties) = preSolution
		HideSolutionNode = FALSE
	EndGlobalSection
	GlobalSection(ExtensibilityGlobals) = postSolution
		SolutionGuid = {F86E857C-3026-4362-B668-299249B82491}
	EndGlobalSection
EndGlobal
